
Microsoft Visual Studio Solution File, Format Version 12.00
# Visual Studio Version 16
VisualStudioVersion = 16.0.31727.386
MinimumVisualStudioVersion = 10.0.40219.1
Project("{FAE04EC0-301F-11D3-BF4B-00C04F79EFBC}") = "MDEV.Android", "MDEV\MDEV.Android\MDEV.Android.csproj", "{0C64D64E-D751-425D-8A90-18900E25B231}"
EndProject
Project("{FAE04EC0-301F-11D3-BF4B-00C04F79EFBC}") = "MDEV.iOS", "MDEV\MDEV.iOS\MDEV.iOS.csproj", "{1BF05904-FD46-45CC-A045-944571DC2ADD}"
EndProject
Project("{FAE04EC0-301F-11D3-BF4B-00C04F79EFBC}") = "MDEV", "MDEV\MDEV\MDEV.csproj", "{9845DF4F-24A7-4101-BBCD-D584368D3F2E}"
EndProject
Global
	GlobalSection(SolutionConfigurationPlatforms) = preSolution
		Debug|Any CPU = Debug|Any CPU
		Debug|iPhone = Debug|iPhone
		Debug|iPhoneSimulator = Debug|iPhoneSimulator
		Release|Any CPU = Release|Any CPU
		Release|iPhone = Release|iPhone
		Release|iPhoneSimulator = Release|iPhoneSimulator
	EndGlobalSection
	GlobalSection(ProjectConfigurationPlatforms) = postSolution
		{0C64D64E-D751-425D-8A90-18900E25B231}.Debug|Any CPU.ActiveCfg = Debug|Any CPU
		{0C64D64E-D751-425D-8A90-18900E25B231}.Debug|Any CPU.Build.0 = Debug|Any CPU
		{0C64D64E-D751-425D-8A90-18900E25B231}.Debug|Any CPU.Deploy.0 = Debug|Any CPU
		{0C64D64E-D751-425D-8A90-18900E25B231}.Debug|iPhone.ActiveCfg = Debug|Any CPU
		{0C64D64E-D751-425D-8A90-18900E25B231}.Debug|iPhone.Build.0 = Debug|Any CPU
		{0C64D64E-D751-425D-8A90-18900E25B231}.Debug|iPhone.Deploy.0 = Debug|Any CPU
		{0C64D64E-D751-425D-8A90-18900E25B231}.Debug|iPhoneSimulator.ActiveCfg = Debug|Any CPU
		{0C64D64E-D751-425D-8A90-18900E25B231}.Debug|iPhoneSimulator.Build.0 = Debug|Any CPU
		{0C64D64E-D751-425D-8A90-18900E25B231}.Debug|iPhoneSimulator.Deploy.0 = Debug|Any CPU
		{0C64D64E-D751-425D-8A90-18900E25B231}.Release|Any CPU.ActiveCfg = Release|Any CPU
		{0C64D64E-D751-425D-8A90-18900E25B231}.Release|Any CPU.Build.0 = Release|Any CPU
		{0C64D64E-D751-425D-8A90-18900E25B231}.Release|Any CPU.Deploy.0 = Release|Any CPU
		{0C64D64E-D751-425D-8A90-18900E25B231}.Release|iPhone.ActiveCfg = Release|Any CPU
		{0C64D64E-D751-425D-8A90-18900E25B231}.Release|iPhone.Build.0 = Release|Any CPU
		{0C64D64E-D751-425D-8A90-18900E25B231}.Release|iPhone.Deploy.0 = Release|Any CPU
		{0C64D64E-D751-425D-8A90-18900E25B231}.Release|iPhoneSimulator.ActiveCfg = Release|Any CPU
		{0C64D64E-D751-425D-8A90-18900E25B231}.Release|iPhoneSimulator.Build.0 = Release|Any CPU
		{0C64D64E-D751-425D-8A90-18900E25B231}.Release|iPhoneSimulator.Deploy.0 = Release|Any CPU
		{1BF05904-FD46-45CC-A045-944571DC2ADD}.Debug|Any CPU.ActiveCfg = Debug|iPhone
		{1BF05904-FD46-45CC-A045-944571DC2ADD}.Debug|Any CPU.Build.0 = Debug|iPhone
		{1BF05904-FD46-45CC-A045-944571DC2ADD}.Debug|Any CPU.Deploy.0 = Debug|iPhone
		{1BF05904-FD46-45CC-A045-944571DC2ADD}.Debug|iPhone.ActiveCfg = Debug|iPhone
		{1BF05904-FD46-45CC-A045-944571DC2ADD}.Debug|iPhone.Build.0 = Debug|iPhone
		{1BF05904-FD46-45CC-A045-944571DC2ADD}.Debug|iPhone.Deploy.0 = Debug|iPhone
		{1BF05904-FD46-45CC-A045-944571DC2ADD}.Debug|iPhoneSimulator.ActiveCfg = Debug|iPhoneSimulator
		{1BF05904-FD46-45CC-A045-944571DC2ADD}.Debug|iPhoneSimulator.Build.0 = Debug|iPhoneSimulator
		{1BF05904-FD46-45CC-A045-944571DC2ADD}.Debug|iPhoneSimulator.Deploy.0 = Debug|iPhoneSimulator
		{1BF05904-FD46-45CC-A045-944571DC2ADD}.Release|Any CPU.ActiveCfg = Release|iPhoneSimulator
		{1BF05904-FD46-45CC-A045-944571DC2ADD}.Release|Any CPU.Build.0 = Release|iPhoneSimulator
		{1BF05904-FD46-45CC-A045-944571DC2ADD}.Release|Any CPU.Deploy.0 = Release|iPhoneSimulator
		{1BF05904-FD46-45CC-A045-944571DC2ADD}.Release|iPhone.ActiveCfg = Release|iPhone
		{1BF05904-FD46-45CC-A045-944571DC2ADD}.Release|iPhone.Build.0 = Release|iPhone
		{1BF05904-FD46-45CC-A045-944571DC2ADD}.Release|iPhone.Deploy.0 = Release|iPhone
		{1BF05904-FD46-45CC-A045-944571DC2ADD}.Release|iPhoneSimulator.ActiveCfg = Release|iPhoneSimulator
		{1BF05904-FD46-45CC-A045-944571DC2ADD}.Release|iPhoneSimulator.Build.0 = Release|iPhoneSimulator
		{1BF05904-FD46-45CC-A045-944571DC2ADD}.Release|iPhoneSimulator.Deploy.0 = Release|iPhoneSimulator
		{9845DF4F-24A7-4101-BBCD-D584368D3F2E}.Debug|Any CPU.ActiveCfg = Debug|Any CPU
		{9845DF4F-24A7-4101-BBCD-D584368D3F2E}.Debug|Any CPU.Build.0 = Debug|Any CPU
		{9845DF4F-24A7-4101-BBCD-D584368D3F2E}.Debug|Any CPU.Deploy.0 = Debug|Any CPU
		{9845DF4F-24A7-4101-BBCD-D584368D3F2E}.Debug|iPhone.ActiveCfg = Debug|Any CPU
		{9845DF4F-24A7-4101-BBCD-D584368D3F2E}.Debug|iPhone.Build.0 = Debug|Any CPU
		{9845DF4F-24A7-4101-BBCD-D584368D3F2E}.Debug|iPhone.Deploy.0 = Debug|Any CPU
		{9845DF4F-24A7-4101-BBCD-D584368D3F2E}.Debug|iPhoneSimulator.ActiveCfg = Debug|Any CPU
		{9845DF4F-24A7-4101-BBCD-D584368D3F2E}.Debug|iPhoneSimulator.Build.0 = Debug|Any CPU
		{9845DF4F-24A7-4101-BBCD-D584368D3F2E}.Debug|iPhoneSimulator.Deploy.0 = Debug|Any CPU
		{9845DF4F-24A7-4101-BBCD-D584368D3F2E}.Release|Any CPU.ActiveCfg = Release|Any CPU
		{9845DF4F-24A7-4101-BBCD-D584368D3F2E}.Release|Any CPU.Build.0 = Release|Any CPU
		{9845DF4F-24A7-4101-BBCD-D584368D3F2E}.Release|Any CPU.Deploy.0 = Release|Any CPU
		{9845DF4F-24A7-4101-BBCD-D584368D3F2E}.Release|iPhone.ActiveCfg = Release|Any CPU
		{9845DF4F-24A7-4101-BBCD-D584368D3F2E}.Release|iPhone.Build.0 = Release|Any CPU
		{9845DF4F-24A7-4101-BBCD-D584368D3F2E}.Release|iPhone.Deploy.0 = Release|Any CPU
		{9845DF4F-24A7-4101-BBCD-D584368D3F2E}.Release|iPhoneSimulator.ActiveCfg = Release|Any CPU
		{9845DF4F-24A7-4101-BBCD-D584368D3F2E}.Release|iPhoneSimulator.Build.0 = Release|Any CPU
		{9845DF4F-24A7-4101-BBCD-D584368D3F2E}.Release|iPhoneSimulator.Deploy.0 = Release|Any CPU
	EndGlobalSection
	GlobalSection(SolutionProperties) = preSolution
		HideSolutionNode = FALSE
	EndGlobalSection
	GlobalSection(ExtensibilityGlobals) = postSolution
		SolutionGuid = {595C546E-A683-4D03-8036-A72CBBCAF585}
	EndGlobalSection
EndGlobal
